
Microsoft Visual Studio Solution File, Format Version 12.00
# Visual Studio Version 16
VisualStudioVersion = 16.0.31624.102
MinimumVisualStudioVersion = 10.0.40219.1
Project("{9A19103F-16F7-4668-BE54-9A1E7A4F7556}") = "iXlinker", "iXlinker\iXlinker.csproj", "{0B03ACC8-2BA8-41F1-BF4D-8AB40CF670CA}"
EndProject
Global
	GlobalSection(SolutionConfigurationPlatforms) = preSolution
		Debug|Any CPU = Debug|Any CPU
		Debug|x64 = Debug|x64
		Release|Any CPU = Release|Any CPU
		Release|x64 = Release|x64
	EndGlobalSection
	GlobalSection(ProjectConfigurationPlatforms) = postSolution
		{0B03ACC8-2BA8-41F1-BF4D-8AB40CF670CA}.Debug|Any CPU.ActiveCfg = Debug|Any CPU
		{0B03ACC8-2BA8-41F1-BF4D-8AB40CF670CA}.Debug|Any CPU.Build.0 = Debug|Any CPU
		{0B03ACC8-2BA8-41F1-BF4D-8AB40CF670CA}.Debug|x64.ActiveCfg = Debug|Any CPU
		{0B03ACC8-2BA8-41F1-BF4D-8AB40CF670CA}.Release|Any CPU.ActiveCfg = Release|Any CPU
		{0B03ACC8-2BA8-41F1-BF4D-8AB40CF670CA}.Release|Any CPU.Build.0 = Release|Any CPU
		{0B03ACC8-2BA8-41F1-BF4D-8AB40CF670CA}.Release|x64.ActiveCfg = Release|Any CPU
	EndGlobalSection
	GlobalSection(SolutionProperties) = preSolution
		HideSolutionNode = FALSE
	EndGlobalSection
	GlobalSection(ExtensibilityGlobals) = postSolution
		SolutionGuid = {831E7DE9-5ADA-4BC3-8BCB-FF1B3E7E868F}
	EndGlobalSection
EndGlobal
